
Microsoft Visual Studio Solution File, Format Version 12.00
# Visual Studio Version 16
VisualStudioVersion = 16.0.30709.64
MinimumVisualStudioVersion = 10.0.40219.1
Project("{9A19103F-16F7-4668-BE54-9A1E7A4F7556}") = "challenge-1", "challenge-1.csproj", "{E3AB6FBF-5E43-48DE-A4DB-581FE753B4C5}"
EndProject
Global
	GlobalSection(SolutionConfigurationPlatforms) = preSolution
		Debug|Any CPU = Debug|Any CPU
		Release|Any CPU = Release|Any CPU
	EndGlobalSection
	GlobalSection(ProjectConfigurationPlatforms) = postSolution
		{E3AB6FBF-5E43-48DE-A4DB-581FE753B4C5}.Debug|Any CPU.ActiveCfg = Debug|Any CPU
		{E3AB6FBF-5E43-48DE-A4DB-581FE753B4C5}.Debug|Any CPU.Build.0 = Debug|Any CPU
		{E3AB6FBF-5E43-48DE-A4DB-581FE753B4C5}.Release|Any CPU.ActiveCfg = Release|Any CPU
		{E3AB6FBF-5E43-48DE-A4DB-581FE753B4C5}.Release|Any CPU.Build.0 = Release|Any CPU
	EndGlobalSection
	GlobalSection(SolutionProperties) = preSolution
		HideSolutionNode = FALSE
	EndGlobalSection
	GlobalSection(ExtensibilityGlobals) = postSolution
		SolutionGuid = {C7DAB4A7-3F0B-49D5-AB28-1251D56489EF}
	EndGlobalSection
EndGlobal
